
Microsoft Visual Studio Solution File, Format Version 12.00
# Visual Studio Version 17
VisualStudioVersion = 17.5.33502.453
MinimumVisualStudioVersion = 10.0.40219.1
Project("{FAE04EC0-301F-11D3-BF4B-00C04F79EFBC}") = "TPLABO2", "TPLABO2\TPLABO2.csproj", "{7215233A-54D2-4545-9A69-46F9E6202C44}"
EndProject
Global
	GlobalSection(SolutionConfigurationPlatforms) = preSolution
		Debug|Any CPU = Debug|Any CPU
		Release|Any CPU = Release|Any CPU
	EndGlobalSection
	GlobalSection(ProjectConfigurationPlatforms) = postSolution
		{7215233A-54D2-4545-9A69-46F9E6202C44}.Debug|Any CPU.ActiveCfg = Debug|Any CPU
		{7215233A-54D2-4545-9A69-46F9E6202C44}.Debug|Any CPU.Build.0 = Debug|Any CPU
		{7215233A-54D2-4545-9A69-46F9E6202C44}.Release|Any CPU.ActiveCfg = Release|Any CPU
		{7215233A-54D2-4545-9A69-46F9E6202C44}.Release|Any CPU.Build.0 = Release|Any CPU
	EndGlobalSection
	GlobalSection(SolutionProperties) = preSolution
		HideSolutionNode = FALSE
	EndGlobalSection
	GlobalSection(ExtensibilityGlobals) = postSolution
		SolutionGuid = {D312B774-A6FC-42AC-BF24-1D0AED1587FC}
	EndGlobalSection
EndGlobal
